
Microsoft Visual Studio Solution File, Format Version 12.00
# Visual Studio Version 17
VisualStudioVersion = 17.11.35222.181
MinimumVisualStudioVersion = 10.0.40219.1
Project("{FAE04EC0-301F-11D3-BF4B-00C04F79EFBC}") = "CVTester", "CVTester\CVTester.csproj", "{28101C8B-0559-4D0A-A86D-F757B7CCB563}"
EndProject
Global
	GlobalSection(SolutionConfigurationPlatforms) = preSolution
		Debug|Any CPU = Debug|Any CPU
		Release|Any CPU = Release|Any CPU
	EndGlobalSection
	GlobalSection(ProjectConfigurationPlatforms) = postSolution
		{28101C8B-0559-4D0A-A86D-F757B7CCB563}.Debug|Any CPU.ActiveCfg = Debug|Any CPU
		{28101C8B-0559-4D0A-A86D-F757B7CCB563}.Debug|Any CPU.Build.0 = Debug|Any CPU
		{28101C8B-0559-4D0A-A86D-F757B7CCB563}.Release|Any CPU.ActiveCfg = Release|Any CPU
		{28101C8B-0559-4D0A-A86D-F757B7CCB563}.Release|Any CPU.Build.0 = Release|Any CPU
	EndGlobalSection
	GlobalSection(SolutionProperties) = preSolution
		HideSolutionNode = FALSE
	EndGlobalSection
	GlobalSection(ExtensibilityGlobals) = postSolution
		SolutionGuid = {D526C2B6-6151-4A47-9CA3-027D5B34CC34}
	EndGlobalSection
EndGlobal
