
Microsoft Visual Studio Solution File, Format Version 12.00
# Visual Studio Version 17
VisualStudioVersion = 17.11.35222.181
MinimumVisualStudioVersion = 10.0.40219.1
Project("{FAE04EC0-301F-11D3-BF4B-00C04F79EFBC}") = "Nullable", "Nullable\Nullable.csproj", "{983FBCF4-13B8-40E6-8B00-DF5B555B7089}"
EndProject
Global
	GlobalSection(SolutionConfigurationPlatforms) = preSolution
		Debug|Any CPU = Debug|Any CPU
		Release|Any CPU = Release|Any CPU
	EndGlobalSection
	GlobalSection(ProjectConfigurationPlatforms) = postSolution
		{983FBCF4-13B8-40E6-8B00-DF5B555B7089}.Debug|Any CPU.ActiveCfg = Debug|Any CPU
		{983FBCF4-13B8-40E6-8B00-DF5B555B7089}.Debug|Any CPU.Build.0 = Debug|Any CPU
		{983FBCF4-13B8-40E6-8B00-DF5B555B7089}.Release|Any CPU.ActiveCfg = Release|Any CPU
		{983FBCF4-13B8-40E6-8B00-DF5B555B7089}.Release|Any CPU.Build.0 = Release|Any CPU
	EndGlobalSection
	GlobalSection(SolutionProperties) = preSolution
		HideSolutionNode = FALSE
	EndGlobalSection
	GlobalSection(ExtensibilityGlobals) = postSolution
		SolutionGuid = {39053330-F04A-4C77-A68E-28AADA20F2DE}
	EndGlobalSection
EndGlobal
