
Microsoft Visual Studio Solution File, Format Version 12.00
# Visual Studio Version 17
VisualStudioVersion = 17.11.35222.181
MinimumVisualStudioVersion = 10.0.40219.1
Project("{FAE04EC0-301F-11D3-BF4B-00C04F79EFBC}") = "StudentManagerV1", "StudentManagerV1\StudentManagerV1.csproj", "{5CAA3CA4-540A-4D38-AF4D-FD3E7B46D3BE}"
EndProject
Global
	GlobalSection(SolutionConfigurationPlatforms) = preSolution
		Debug|Any CPU = Debug|Any CPU
		Release|Any CPU = Release|Any CPU
	EndGlobalSection
	GlobalSection(ProjectConfigurationPlatforms) = postSolution
		{5CAA3CA4-540A-4D38-AF4D-FD3E7B46D3BE}.Debug|Any CPU.ActiveCfg = Debug|Any CPU
		{5CAA3CA4-540A-4D38-AF4D-FD3E7B46D3BE}.Debug|Any CPU.Build.0 = Debug|Any CPU
		{5CAA3CA4-540A-4D38-AF4D-FD3E7B46D3BE}.Release|Any CPU.ActiveCfg = Release|Any CPU
		{5CAA3CA4-540A-4D38-AF4D-FD3E7B46D3BE}.Release|Any CPU.Build.0 = Release|Any CPU
	EndGlobalSection
	GlobalSection(SolutionProperties) = preSolution
		HideSolutionNode = FALSE
	EndGlobalSection
	GlobalSection(ExtensibilityGlobals) = postSolution
		SolutionGuid = {86E7DB4A-FA74-4116-A59B-CF19DCF8E624}
	EndGlobalSection
EndGlobal
