
Microsoft Visual Studio Solution File, Format Version 12.00
# Visual Studio Version 17
VisualStudioVersion = 17.5.002.0
MinimumVisualStudioVersion = 10.0.40219.1
Project("{9A19103F-16F7-4668-BE54-9A1E7A4F7556}") = "FAP_2", "FAP_2.csproj", "{A787C9C7-0B6F-47C0-A0B8-B1614F1B16E3}"
EndProject
Global
	GlobalSection(SolutionConfigurationPlatforms) = preSolution
		Debug|Any CPU = Debug|Any CPU
		Release|Any CPU = Release|Any CPU
	EndGlobalSection
	GlobalSection(ProjectConfigurationPlatforms) = postSolution
		{A787C9C7-0B6F-47C0-A0B8-B1614F1B16E3}.Debug|Any CPU.ActiveCfg = Debug|Any CPU
		{A787C9C7-0B6F-47C0-A0B8-B1614F1B16E3}.Debug|Any CPU.Build.0 = Debug|Any CPU
		{A787C9C7-0B6F-47C0-A0B8-B1614F1B16E3}.Release|Any CPU.ActiveCfg = Release|Any CPU
		{A787C9C7-0B6F-47C0-A0B8-B1614F1B16E3}.Release|Any CPU.Build.0 = Release|Any CPU
	EndGlobalSection
	GlobalSection(SolutionProperties) = preSolution
		HideSolutionNode = FALSE
	EndGlobalSection
	GlobalSection(ExtensibilityGlobals) = postSolution
		SolutionGuid = {2311E2F7-C35C-43A5-8A68-FD577C03D9A2}
	EndGlobalSection
EndGlobal
